{
  "nodes": {
    "darwin": {
      "inputs": {
        "nixpkgs": [
          "nixpkgs"
        ]
      },
      "locked": {
        "lastModified": 1751313918,
        "narHash": "sha256-HsJM3XLa43WpG+665aGEh8iS8AfEwOIQWk3Mke3e7nk=",
        "owner": "nix-darwin",
        "repo": "nix-darwin",
        "rev": "e04a388232d9a6ba56967ce5b53a8a6f713cdfcf",
        "type": "github"
      },
      "original": {
        "owner": "nix-darwin",
        "ref": "master",
        "repo": "nix-darwin",
        "type": "github"
      }
    },
    "dotfiles": {
      "locked": {
        "lastModified": 1750714668,
        "narHash": "sha256-l17b06z8aAzda9fcGHjSZZXeBe3/yGXj98vZp8EfHxE=",
        "owner": "kevincardona",
        "repo": ".dotfiles",
        "rev": "d41803a602dac823b59ce5009b6f6989e64f9e04",
        "type": "github"
      },
      "original": {
        "owner": "kevincardona",
        "ref": "main",
        "repo": ".dotfiles",
        "type": "github"
      }
    },
    "home-manager": {
      "inputs": {
        "nixpkgs": [
          "nixpkgs"
        ]
      },
      "locked": {
        "lastModified": 1751500614,
        "narHash": "sha256-mYiYNsTJkbQouC5YHOTgqVpjpELoNf9f4z5ZeY4NfPg=",
        "owner": "nix-community",
        "repo": "home-manager",
        "rev": "a5b56720841121d2189c011e445c4be4c943bab5",
        "type": "github"
      },
      "original": {
        "owner": "nix-community",
        "ref": "master",
        "repo": "home-manager",
        "type": "github"
      }
    },
    "nixpkgs": {
      "locked": {
        "lastModified": 1751472477,
        "narHash": "sha256-DpGMd/4DAawRGegP8ISHHbpARRhDS2ABwjiLTAjO7Uk=",
        "owner": "nixos",
        "repo": "nixpkgs",
        "rev": "b32441ec0fae600e647cf4e6d6c245286a583106",
        "type": "github"
      },
      "original": {
        "owner": "nixos",
        "ref": "nixpkgs-unstable",
        "repo": "nixpkgs",
        "type": "github"
      }
    },
    "nvim": {
      "locked": {
        "lastModified": 1747083281,
        "narHash": "sha256-XOa5d1fFJ3mldQJ0LivbljMzzMIWwUiHIggzaVhApig=",
        "owner": "kevincardona",
        "repo": "nvim",
        "rev": "86596c7ede061475b8762f9eb73bb6d43dfc89ed",
        "type": "github"
      },
      "original": {
        "owner": "kevincardona",
        "ref": "main",
        "repo": "nvim",
        "type": "github"
      }
    },
    "root": {
      "inputs": {
        "darwin": "darwin",
        "dotfiles": "dotfiles",
        "home-manager": "home-manager",
        "nixpkgs": "nixpkgs",
        "nvim": "nvim"
      }
    }
  },
  "root": "root",
  "version": 7
}
