{
  "nodes": {
    "darwin": {
      "inputs": {
        "nixpkgs": [
          "nixpkgs"
        ]
      },
      "locked": {
        "lastModified": 1743127615,
        "narHash": "sha256-+sMGqywrSr50BGMLMeY789mSrzjkoxZiu61eWjYS/8o=",
        "owner": "nix-darwin",
        "repo": "nix-darwin",
        "rev": "fc843893cecc1838a59713ee3e50e9e7edc6207c",
        "type": "github"
      },
      "original": {
        "owner": "nix-darwin",
        "ref": "nix-darwin-24.11",
        "repo": "nix-darwin",
        "type": "github"
      }
    },
    "dotfiles": {
      "locked": {
        "lastModified": 1747175452,
        "narHash": "sha256-TJjdQqinFlcEPPhHZlGhMbmom+ToBu15wFqbc1yZY18=",
        "owner": "kevincardona",
        "repo": ".dotfiles",
        "rev": "80e02932eadc62d36847fb06882a011ce62f7ad1",
        "type": "github"
      },
      "original": {
        "owner": "kevincardona",
        "ref": "main",
        "repo": ".dotfiles",
        "type": "github"
      }
    },
    "home-manager": {
      "inputs": {
        "nixpkgs": [
          "nixpkgs"
        ]
      },
      "locked": {
        "lastModified": 1747020534,
        "narHash": "sha256-D/6rkiC6w2p+4SwRiVKrWIeYzun8FBg7NlMKMwQMxO0=",
        "owner": "nix-community",
        "repo": "home-manager",
        "rev": "b4bbdc6fde16fc2051fcde232f6e288cd22007ca",
        "type": "github"
      },
      "original": {
        "owner": "nix-community",
        "ref": "release-24.11",
        "repo": "home-manager",
        "type": "github"
      }
    },
    "nixpkgs": {
      "locked": {
        "lastModified": 1746957726,
        "narHash": "sha256-k9ut1LSfHCr0AW82ttEQzXVCqmyWVA5+SHJkS5ID/Jo=",
        "owner": "nixos",
        "repo": "nixpkgs",
        "rev": "a39ed32a651fdee6842ec930761e31d1f242cb94",
        "type": "github"
      },
      "original": {
        "owner": "nixos",
        "ref": "nixos-24.11",
        "repo": "nixpkgs",
        "type": "github"
      }
    },
    "nixpkgs-unstable": {
      "locked": {
        "lastModified": 1747060738,
        "narHash": "sha256-ByfPRQuqj+nhtVV0koinEpmJw0KLzNbgcgi9EF+NVow=",
        "owner": "nixos",
        "repo": "nixpkgs",
        "rev": "eaeed9530c76ce5f1d2d8232e08bec5e26f18ec1",
        "type": "github"
      },
      "original": {
        "owner": "nixos",
        "ref": "nixpkgs-unstable",
        "repo": "nixpkgs",
        "type": "github"
      }
    },
    "nvim": {
      "locked": {
        "lastModified": 1747083281,
        "narHash": "sha256-XOa5d1fFJ3mldQJ0LivbljMzzMIWwUiHIggzaVhApig=",
        "owner": "kevincardona",
        "repo": "nvim",
        "rev": "86596c7ede061475b8762f9eb73bb6d43dfc89ed",
        "type": "github"
      },
      "original": {
        "owner": "kevincardona",
        "ref": "main",
        "repo": "nvim",
        "type": "github"
      }
    },
    "root": {
      "inputs": {
        "darwin": "darwin",
        "dotfiles": "dotfiles",
        "home-manager": "home-manager",
        "nixpkgs": "nixpkgs",
        "nixpkgs-unstable": "nixpkgs-unstable",
        "nvim": "nvim"
      }
    }
  },
  "root": "root",
  "version": 7
}
